# This file is autogenerated, do not edit; changes may be undone by the next 'dep ensure'.


[[projects]]
  branch = "master"
  name = "github.com/julienschmidt/httprouter"
  packages = ["."]
  revision = "975b5c4c7c21c0e3d2764200bf2aa8e34657ae6e"

[[projects]]
  branch = "master"
  name = "github.com/nbio/httpcontext"
  packages = ["."]
  revision = "d2f7bb023e6ebb562d7d5e07a5f3a6ce935f4666"

[[projects]]
  branch = "master"
  name = "github.com/nbio/st"
  packages = ["."]
  revision = "e9e8d9816f3268def6dcbd2dea03301f40e9de94"

[solve-meta]
  analyzer-name = "dep"
  analyzer-version = 1
  inputs-digest = "279a6898b0931362d1ccc36ae59286bbf93454f02477e8380f4f0fc3f1b08072"
  solver-name = "gps-cdcl"
  solver-version = 1
